
Microsoft Visual Studio Solution File, Format Version 12.00
# Visual Studio 15
VisualStudioVersion = 15.0.28307.168
MinimumVisualStudioVersion = 10.0.40219.1
Project("{888888A0-9F3D-457C-B088-3A5042F75D52}") = "PySandbox", "PySandbox.pyproj", "{81A9216D-A481-4EA4-8054-32F80D75566B}"
EndProject
Global
	GlobalSection(SolutionConfigurationPlatforms) = preSolution
		Debug|Any CPU = Debug|Any CPU
		Release|Any CPU = Release|Any CPU
	EndGlobalSection
	GlobalSection(ProjectConfigurationPlatforms) = postSolution
		{81A9216D-A481-4EA4-8054-32F80D75566B}.Debug|Any CPU.ActiveCfg = Debug|Any CPU
		{81A9216D-A481-4EA4-8054-32F80D75566B}.Release|Any CPU.ActiveCfg = Release|Any CPU
	EndGlobalSection
	GlobalSection(SolutionProperties) = preSolution
		HideSolutionNode = FALSE
	EndGlobalSection
	GlobalSection(ExtensibilityGlobals) = postSolution
		SolutionGuid = {C2161A1A-88EC-4266-A14B-5FBA2E578E47}
	EndGlobalSection
EndGlobal
